
Microsoft Visual Studio Solution File, Format Version 12.00
# Visual Studio Version 17
VisualStudioVersion = 17.14.36705.20 d17.14
MinimumVisualStudioVersion = 10.0.40219.1
Project("{FAE04EC0-301F-11D3-BF4B-00C04F79EFBC}") = "CitiesManager.WebAPI", "CitiesManager.WebAPI\CitiesManager.WebAPI.csproj", "{6F23D64F-3FE7-4327-B089-3D88ECE69B04}"
EndProject
Global
	GlobalSection(SolutionConfigurationPlatforms) = preSolution
		Debug|Any CPU = Debug|Any CPU
		Release|Any CPU = Release|Any CPU
	EndGlobalSection
	GlobalSection(ProjectConfigurationPlatforms) = postSolution
		{6F23D64F-3FE7-4327-B089-3D88ECE69B04}.Debug|Any CPU.ActiveCfg = Debug|Any CPU
		{6F23D64F-3FE7-4327-B089-3D88ECE69B04}.Debug|Any CPU.Build.0 = Debug|Any CPU
		{6F23D64F-3FE7-4327-B089-3D88ECE69B04}.Release|Any CPU.ActiveCfg = Release|Any CPU
		{6F23D64F-3FE7-4327-B089-3D88ECE69B04}.Release|Any CPU.Build.0 = Release|Any CPU
	EndGlobalSection
	GlobalSection(SolutionProperties) = preSolution
		HideSolutionNode = FALSE
	EndGlobalSection
	GlobalSection(ExtensibilityGlobals) = postSolution
		SolutionGuid = {14DA89B1-7EEF-41AE-8D0D-18F8C60940CE}
	EndGlobalSection
EndGlobal
